
Microsoft Visual Studio Solution File, Format Version 12.00
# Visual Studio 15
VisualStudioVersion = 15.0.26403.7
MinimumVisualStudioVersion = 10.0.40219.1
Project("{FAE04EC0-301F-11D3-BF4B-00C04F79EFBC}") = "Bot", "Bot\Bot.csproj", "{EE403EB2-92BB-4C2A-A328-705D80D3CAF5}"
EndProject
Project("{FAE04EC0-301F-11D3-BF4B-00C04F79EFBC}") = "Logic.Ui", "Logic.Ui\Logic.Ui.csproj", "{372D1A5A-E2F3-41B2-9ECA-C29783197844}"
EndProject
Project("{FAE04EC0-301F-11D3-BF4B-00C04F79EFBC}") = "Ui.Desktop", "Ui.Desktop\Ui.Desktop.csproj", "{8FDC60B6-4727-4325-AAE4-237477EB8990}"
EndProject
Global
	GlobalSection(SolutionConfigurationPlatforms) = preSolution
		Debug|Any CPU = Debug|Any CPU
		Release|Any CPU = Release|Any CPU
	EndGlobalSection
	GlobalSection(ProjectConfigurationPlatforms) = postSolution
		{EE403EB2-92BB-4C2A-A328-705D80D3CAF5}.Debug|Any CPU.ActiveCfg = Debug|Any CPU
		{EE403EB2-92BB-4C2A-A328-705D80D3CAF5}.Debug|Any CPU.Build.0 = Debug|Any CPU
		{EE403EB2-92BB-4C2A-A328-705D80D3CAF5}.Release|Any CPU.ActiveCfg = Release|Any CPU
		{EE403EB2-92BB-4C2A-A328-705D80D3CAF5}.Release|Any CPU.Build.0 = Release|Any CPU
		{372D1A5A-E2F3-41B2-9ECA-C29783197844}.Debug|Any CPU.ActiveCfg = Debug|Any CPU
		{372D1A5A-E2F3-41B2-9ECA-C29783197844}.Debug|Any CPU.Build.0 = Debug|Any CPU
		{372D1A5A-E2F3-41B2-9ECA-C29783197844}.Release|Any CPU.ActiveCfg = Release|Any CPU
		{372D1A5A-E2F3-41B2-9ECA-C29783197844}.Release|Any CPU.Build.0 = Release|Any CPU
		{8FDC60B6-4727-4325-AAE4-237477EB8990}.Debug|Any CPU.ActiveCfg = Debug|Any CPU
		{8FDC60B6-4727-4325-AAE4-237477EB8990}.Debug|Any CPU.Build.0 = Debug|Any CPU
		{8FDC60B6-4727-4325-AAE4-237477EB8990}.Release|Any CPU.ActiveCfg = Release|Any CPU
		{8FDC60B6-4727-4325-AAE4-237477EB8990}.Release|Any CPU.Build.0 = Release|Any CPU
	EndGlobalSection
	GlobalSection(SolutionProperties) = preSolution
		HideSolutionNode = FALSE
	EndGlobalSection
EndGlobal
